// !$*UTF8*$!
{
	archiveVersion = 1;
	classes = {
	};
	objectVersion = 46;
	objects = {

/* Begin PBXBuildFile section */
		7B135A6C186756C600C1D55E /* ratings.cc in Sources */ = {isa = PBXBuildFile; fileRef = 7B135A61186756C600C1D55E /* ratings.cc */; };
		7B135A6D186756C600C1D55E /* zipf.cc in Sources */ = {isa = PBXBuildFile; fileRef = 7B135A63186756C600C1D55E /* zipf.cc */; };
		7B135A6F186756C600C1D55E /* log.cc in Sources */ = {isa = PBXBuildFile; fileRef = 7B135A68186756C600C1D55E /* log.cc */; };
		7B135A70186756C600C1D55E /* main.cc in Sources */ = {isa = PBXBuildFile; fileRef = 7B135A6A186756C600C1D55E /* main.cc */; };
		7B135A71186756C600C1D55E /* roceasy.c in Sources */ = {isa = PBXBuildFile; fileRef = 7B135A6B186756C600C1D55E /* roceasy.c */; };
		7B28397E19199EB300987A4D /* main.cc in Sources */ = {isa = PBXBuildFile; fileRef = 7B135A6A186756C600C1D55E /* main.cc */; };
		7B28397F19199EB300987A4D /* collabtm.cc in Sources */ = {isa = PBXBuildFile; fileRef = 7B381E1718CC182F002FFCFA /* collabtm.cc */; };
		7B28398019199EB300987A4D /* roceasy.c in Sources */ = {isa = PBXBuildFile; fileRef = 7B135A6B186756C600C1D55E /* roceasy.c */; };
		7B28398119199EB300987A4D /* log.cc in Sources */ = {isa = PBXBuildFile; fileRef = 7B135A68186756C600C1D55E /* log.cc */; };
		7B28398219199EB300987A4D /* zipf.cc in Sources */ = {isa = PBXBuildFile; fileRef = 7B135A63186756C600C1D55E /* zipf.cc */; };
		7B28398319199EB300987A4D /* ratings.cc in Sources */ = {isa = PBXBuildFile; fileRef = 7B135A61186756C600C1D55E /* ratings.cc */; };
		7B381E1818CC182F002FFCFA /* collabtm.cc in Sources */ = {isa = PBXBuildFile; fileRef = 7B381E1718CC182F002FFCFA /* collabtm.cc */; };
/* End PBXBuildFile section */

/* Begin PBXCopyFilesBuildPhase section */
		456CF18314FD3560001F2F04 /* CopyFiles */ = {
			isa = PBXCopyFilesBuildPhase;
			buildActionMask = 2147483647;
			dstPath = /usr/share/man/man1/;
			dstSubfolderSpec = 0;
			files = (
			);
			runOnlyForDeploymentPostprocessing = 1;
		};
		7B28398519199EB300987A4D /* CopyFiles */ = {
			isa = PBXCopyFilesBuildPhase;
			buildActionMask = 2147483647;
			dstPath = /usr/share/man/man1/;
			dstSubfolderSpec = 0;
			files = (
			);
			runOnlyForDeploymentPostprocessing = 1;
		};
/* End PBXCopyFilesBuildPhase section */

/* Begin PBXFileReference section */
		456CF18514FD3560001F2F04 /* MacGSL */ = {isa = PBXFileReference; explicitFileType = "compiled.mach-o.executable"; includeInIndex = 0; path = MacGSL; sourceTree = BUILT_PRODUCTS_DIR; };
		456CF18B14FD3560001F2F04 /* MacGSL.1 */ = {isa = PBXFileReference; lastKnownFileType = text.man; path = MacGSL.1; sourceTree = "<group>"; };
		7B01478318D7665E00412097 /* mixbase.hh */ = {isa = PBXFileReference; lastKnownFileType = sourcecode.cpp.h; path = mixbase.hh; sourceTree = "<group>"; };
		7B135A61186756C600C1D55E /* ratings.cc */ = {isa = PBXFileReference; fileEncoding = 4; lastKnownFileType = sourcecode.cpp.cpp; path = ratings.cc; sourceTree = "<group>"; };
		7B135A62186756C600C1D55E /* zipf.hh */ = {isa = PBXFileReference; fileEncoding = 4; lastKnownFileType = sourcecode.cpp.h; path = zipf.hh; sourceTree = "<group>"; };
		7B135A63186756C600C1D55E /* zipf.cc */ = {isa = PBXFileReference; fileEncoding = 4; lastKnownFileType = sourcecode.cpp.cpp; path = zipf.cc; sourceTree = "<group>"; };
		7B135A64186756C600C1D55E /* ratings.hh */ = {isa = PBXFileReference; fileEncoding = 4; lastKnownFileType = sourcecode.cpp.h; path = ratings.hh; sourceTree = "<group>"; };
		7B135A65186756C600C1D55E /* matrix.hh */ = {isa = PBXFileReference; fileEncoding = 4; lastKnownFileType = sourcecode.cpp.h; path = matrix.hh; sourceTree = "<group>"; };
		7B135A67186756C600C1D55E /* env.hh */ = {isa = PBXFileReference; fileEncoding = 4; lastKnownFileType = sourcecode.cpp.h; path = env.hh; sourceTree = "<group>"; };
		7B135A68186756C600C1D55E /* log.cc */ = {isa = PBXFileReference; fileEncoding = 4; lastKnownFileType = sourcecode.cpp.cpp; path = log.cc; sourceTree = "<group>"; };
		7B135A69186756C600C1D55E /* log.hh */ = {isa = PBXFileReference; fileEncoding = 4; lastKnownFileType = sourcecode.cpp.h; path = log.hh; sourceTree = "<group>"; };
		7B135A6A186756C600C1D55E /* main.cc */ = {isa = PBXFileReference; fileEncoding = 4; lastKnownFileType = sourcecode.cpp.cpp; path = main.cc; sourceTree = "<group>"; };
		7B135A6B186756C600C1D55E /* roceasy.c */ = {isa = PBXFileReference; fileEncoding = 4; lastKnownFileType = sourcecode.c.c; path = roceasy.c; sourceTree = "<group>"; };
		7B28398919199EB300987A4D /* MacGSL copy */ = {isa = PBXFileReference; explicitFileType = "compiled.mach-o.executable"; includeInIndex = 0; path = "MacGSL copy"; sourceTree = BUILT_PRODUCTS_DIR; };
		7B381E1718CC182F002FFCFA /* collabtm.cc */ = {isa = PBXFileReference; fileEncoding = 4; lastKnownFileType = sourcecode.cpp.cpp; path = collabtm.cc; sourceTree = "<group>"; };
		7B381E1918CC185F002FFCFA /* collabtm.hh */ = {isa = PBXFileReference; lastKnownFileType = sourcecode.cpp.h; path = collabtm.hh; sourceTree = "<group>"; };
		7B381E1A18CC1937002FFCFA /* gpbase.hh */ = {isa = PBXFileReference; lastKnownFileType = sourcecode.cpp.h; path = gpbase.hh; sourceTree = "<group>"; };
		7B381E1B18CC2AEE002FFCFA /* rzipf.cc */ = {isa = PBXFileReference; lastKnownFileType = sourcecode.cpp.cpp; path = rzipf.cc; sourceTree = "<group>"; };
		7B381E1C18CC2B42002FFCFA /* rzipf.hh */ = {isa = PBXFileReference; lastKnownFileType = sourcecode.cpp.h; path = rzipf.hh; sourceTree = "<group>"; };
/* End PBXFileReference section */

/* Begin PBXFrameworksBuildPhase section */
		456CF18214FD3560001F2F04 /* Frameworks */ = {
			isa = PBXFrameworksBuildPhase;
			buildActionMask = 2147483647;
			files = (
			);
			runOnlyForDeploymentPostprocessing = 0;
		};
		7B28398419199EB300987A4D /* Frameworks */ = {
			isa = PBXFrameworksBuildPhase;
			buildActionMask = 2147483647;
			files = (
			);
			runOnlyForDeploymentPostprocessing = 0;
		};
/* End PBXFrameworksBuildPhase section */

/* Begin PBXGroup section */
		456CF17A14FD355F001F2F04 = {
			isa = PBXGroup;
			children = (
				7B381E1B18CC2AEE002FFCFA /* rzipf.cc */,
				7B381E1C18CC2B42002FFCFA /* rzipf.hh */,
				7B381E1718CC182F002FFCFA /* collabtm.cc */,
				7B381E1918CC185F002FFCFA /* collabtm.hh */,
				7B381E1A18CC1937002FFCFA /* gpbase.hh */,
				7B01478318D7665E00412097 /* mixbase.hh */,
				7B135A61186756C600C1D55E /* ratings.cc */,
				7B135A62186756C600C1D55E /* zipf.hh */,
				7B135A63186756C600C1D55E /* zipf.cc */,
				7B135A64186756C600C1D55E /* ratings.hh */,
				7B135A65186756C600C1D55E /* matrix.hh */,
				7B135A67186756C600C1D55E /* env.hh */,
				7B135A68186756C600C1D55E /* log.cc */,
				7B135A69186756C600C1D55E /* log.hh */,
				7B135A6A186756C600C1D55E /* main.cc */,
				7B135A6B186756C600C1D55E /* roceasy.c */,
				456CF18814FD3560001F2F04 /* MacGSL */,
				456CF18614FD3560001F2F04 /* Products */,
			);
			sourceTree = "<group>";
		};
		456CF18614FD3560001F2F04 /* Products */ = {
			isa = PBXGroup;
			children = (
				456CF18514FD3560001F2F04 /* MacGSL */,
				7B28398919199EB300987A4D /* MacGSL copy */,
			);
			name = Products;
			sourceTree = "<group>";
		};
		456CF18814FD3560001F2F04 /* MacGSL */ = {
			isa = PBXGroup;
			children = (
				456CF18B14FD3560001F2F04 /* MacGSL.1 */,
			);
			path = MacGSL;
			sourceTree = "<group>";
		};
/* End PBXGroup section */

/* Begin PBXNativeTarget section */
		456CF18414FD3560001F2F04 /* MacGSL */ = {
			isa = PBXNativeTarget;
			buildConfigurationList = 456CF18E14FD3560001F2F04 /* Build configuration list for PBXNativeTarget "MacGSL" */;
			buildPhases = (
				456CF18114FD3560001F2F04 /* Sources */,
				456CF18214FD3560001F2F04 /* Frameworks */,
				456CF18314FD3560001F2F04 /* CopyFiles */,
			);
			buildRules = (
			);
			dependencies = (
			);
			name = MacGSL;
			productName = MacGSL;
			productReference = 456CF18514FD3560001F2F04 /* MacGSL */;
			productType = "com.apple.product-type.tool";
		};
		7B28397C19199EB300987A4D /* MacGSL copy */ = {
			isa = PBXNativeTarget;
			buildConfigurationList = 7B28398619199EB300987A4D /* Build configuration list for PBXNativeTarget "MacGSL copy" */;
			buildPhases = (
				7B28397D19199EB300987A4D /* Sources */,
				7B28398419199EB300987A4D /* Frameworks */,
				7B28398519199EB300987A4D /* CopyFiles */,
			);
			buildRules = (
			);
			dependencies = (
			);
			name = "MacGSL copy";
			productName = MacGSL;
			productReference = 7B28398919199EB300987A4D /* MacGSL copy */;
			productType = "com.apple.product-type.tool";
		};
/* End PBXNativeTarget section */

/* Begin PBXProject section */
		456CF17C14FD355F001F2F04 /* Project object */ = {
			isa = PBXProject;
			attributes = {
				LastUpgradeCheck = 0500;
			};
			buildConfigurationList = 456CF17F14FD355F001F2F04 /* Build configuration list for PBXProject "RZIP" */;
			compatibilityVersion = "Xcode 3.2";
			developmentRegion = English;
			hasScannedForEncodings = 0;
			knownRegions = (
				en,
			);
			mainGroup = 456CF17A14FD355F001F2F04;
			productRefGroup = 456CF18614FD3560001F2F04 /* Products */;
			projectDirPath = "";
			projectRoot = "";
			targets = (
				456CF18414FD3560001F2F04 /* MacGSL */,
				7B28397C19199EB300987A4D /* MacGSL copy */,
			);
		};
/* End PBXProject section */

/* Begin PBXSourcesBuildPhase section */
		456CF18114FD3560001F2F04 /* Sources */ = {
			isa = PBXSourcesBuildPhase;
			buildActionMask = 2147483647;
			files = (
				7B135A70186756C600C1D55E /* main.cc in Sources */,
				7B381E1818CC182F002FFCFA /* collabtm.cc in Sources */,
				7B135A71186756C600C1D55E /* roceasy.c in Sources */,
				7B135A6F186756C600C1D55E /* log.cc in Sources */,
				7B135A6D186756C600C1D55E /* zipf.cc in Sources */,
				7B135A6C186756C600C1D55E /* ratings.cc in Sources */,
			);
			runOnlyForDeploymentPostprocessing = 0;
		};
		7B28397D19199EB300987A4D /* Sources */ = {
			isa = PBXSourcesBuildPhase;
			buildActionMask = 2147483647;
			files = (
				7B28397E19199EB300987A4D /* main.cc in Sources */,
				7B28397F19199EB300987A4D /* collabtm.cc in Sources */,
				7B28398019199EB300987A4D /* roceasy.c in Sources */,
				7B28398119199EB300987A4D /* log.cc in Sources */,
				7B28398219199EB300987A4D /* zipf.cc in Sources */,
				7B28398319199EB300987A4D /* ratings.cc in Sources */,
			);
			runOnlyForDeploymentPostprocessing = 0;
		};
/* End PBXSourcesBuildPhase section */

/* Begin XCBuildConfiguration section */
		456CF18C14FD3560001F2F04 /* Debug */ = {
			isa = XCBuildConfiguration;
			buildSettings = {
				CLANG_WARN_BOOL_CONVERSION = YES;
				CLANG_WARN_CONSTANT_CONVERSION = YES;
				CLANG_WARN_EMPTY_BODY = YES;
				CLANG_WARN_ENUM_CONVERSION = YES;
				CLANG_WARN_INT_CONVERSION = YES;
				CLANG_WARN__DUPLICATE_METHOD_MATCH = YES;
				GCC_C_LANGUAGE_STANDARD = gnu99;
				GCC_OPTIMIZATION_LEVEL = 0;
				GCC_PREPROCESSOR_DEFINITIONS = DEBUG;
				GCC_SYMBOLS_PRIVATE_EXTERN = NO;
				GCC_VERSION = com.apple.compilers.llvm.clang.1_0;
				GCC_WARN_64_TO_32_BIT_CONVERSION = YES;
				GCC_WARN_ABOUT_RETURN_TYPE = YES;
				GCC_WARN_UNDECLARED_SELECTOR = YES;
				GCC_WARN_UNINITIALIZED_AUTOS = YES;
				GCC_WARN_UNUSED_FUNCTION = YES;
				GCC_WARN_UNUSED_VARIABLE = YES;
				HEADER_SEARCH_PATHS = /opt/local/include;
				LIBRARY_SEARCH_PATHS = /opt/local/lib;
				MACOSX_DEPLOYMENT_TARGET = 10.6;
				ONLY_ACTIVE_ARCH = YES;
				OTHER_LDFLAGS = (
					"-lgsl",
					"-lgslcblas",
				);
				SDKROOT = macosx;
			};
			name = Debug;
		};
		456CF18D14FD3560001F2F04 /* Release */ = {
			isa = XCBuildConfiguration;
			buildSettings = {
				CLANG_WARN_BOOL_CONVERSION = YES;
				CLANG_WARN_CONSTANT_CONVERSION = YES;
				CLANG_WARN_EMPTY_BODY = YES;
				CLANG_WARN_ENUM_CONVERSION = YES;
				CLANG_WARN_INT_CONVERSION = YES;
				CLANG_WARN__DUPLICATE_METHOD_MATCH = YES;
				GCC_C_LANGUAGE_STANDARD = gnu99;
				GCC_VERSION = com.apple.compilers.llvm.clang.1_0;
				GCC_WARN_64_TO_32_BIT_CONVERSION = YES;
				GCC_WARN_ABOUT_RETURN_TYPE = YES;
				GCC_WARN_UNDECLARED_SELECTOR = YES;
				GCC_WARN_UNINITIALIZED_AUTOS = YES;
				GCC_WARN_UNUSED_FUNCTION = YES;
				GCC_WARN_UNUSED_VARIABLE = YES;
				HEADER_SEARCH_PATHS = /opt/local/include;
				LIBRARY_SEARCH_PATHS = /opt/local/lib;
				MACOSX_DEPLOYMENT_TARGET = 10.6;
				OTHER_LDFLAGS = (
					"-lgsl",
					"-lgslcblas",
				);
				SDKROOT = macosx;
			};
			name = Release;
		};
		456CF18F14FD3560001F2F04 /* Debug */ = {
			isa = XCBuildConfiguration;
			buildSettings = {
				ALWAYS_SEARCH_USER_PATHS = NO;
				COPY_PHASE_STRIP = NO;
				GCC_DYNAMIC_NO_PIC = NO;
				GCC_ENABLE_OBJC_EXCEPTIONS = YES;
				PRODUCT_NAME = "$(TARGET_NAME)";
			};
			name = Debug;
		};
		456CF19014FD3560001F2F04 /* Release */ = {
			isa = XCBuildConfiguration;
			buildSettings = {
				ALWAYS_SEARCH_USER_PATHS = NO;
				COPY_PHASE_STRIP = YES;
				DEBUG_INFORMATION_FORMAT = "dwarf-with-dsym";
				GCC_ENABLE_OBJC_EXCEPTIONS = YES;
				PRODUCT_NAME = "$(TARGET_NAME)";
			};
			name = Release;
		};
		7B28398719199EB300987A4D /* Debug */ = {
			isa = XCBuildConfiguration;
			buildSettings = {
				ALWAYS_SEARCH_USER_PATHS = NO;
				COPY_PHASE_STRIP = NO;
				GCC_DYNAMIC_NO_PIC = NO;
				GCC_ENABLE_OBJC_EXCEPTIONS = YES;
				PRODUCT_NAME = "MacGSL copy";
			};
			name = Debug;
		};
		7B28398819199EB300987A4D /* Release */ = {
			isa = XCBuildConfiguration;
			buildSettings = {
				ALWAYS_SEARCH_USER_PATHS = NO;
				COPY_PHASE_STRIP = YES;
				DEBUG_INFORMATION_FORMAT = "dwarf-with-dsym";
				GCC_ENABLE_OBJC_EXCEPTIONS = YES;
				PRODUCT_NAME = "MacGSL copy";
			};
			name = Release;
		};
/* End XCBuildConfiguration section */

/* Begin XCConfigurationList section */
		456CF17F14FD355F001F2F04 /* Build configuration list for PBXProject "RZIP" */ = {
			isa = XCConfigurationList;
			buildConfigurations = (
				456CF18C14FD3560001F2F04 /* Debug */,
				456CF18D14FD3560001F2F04 /* Release */,
			);
			defaultConfigurationIsVisible = 0;
			defaultConfigurationName = Release;
		};
		456CF18E14FD3560001F2F04 /* Build configuration list for PBXNativeTarget "MacGSL" */ = {
			isa = XCConfigurationList;
			buildConfigurations = (
				456CF18F14FD3560001F2F04 /* Debug */,
				456CF19014FD3560001F2F04 /* Release */,
			);
			defaultConfigurationIsVisible = 0;
			defaultConfigurationName = Release;
		};
		7B28398619199EB300987A4D /* Build configuration list for PBXNativeTarget "MacGSL copy" */ = {
			isa = XCConfigurationList;
			buildConfigurations = (
				7B28398719199EB300987A4D /* Debug */,
				7B28398819199EB300987A4D /* Release */,
			);
			defaultConfigurationIsVisible = 0;
			defaultConfigurationName = Release;
		};
/* End XCConfigurationList section */
	};
	rootObject = 456CF17C14FD355F001F2F04 /* Project object */;
}
